
Microsoft Visual Studio Solution File, Format Version 12.00
# Visual Studio Version 17
VisualStudioVersion = 17.5.33530.505
MinimumVisualStudioVersion = 10.0.40219.1
Project("{FAE04EC0-301F-11D3-BF4B-00C04F79EFBC}") = "DocumentValidator", "DocumentValidator.csproj", "{040DFE16-60F2-41C8-8C23-70421C3FC82D}"
EndProject
Global
	GlobalSection(SolutionConfigurationPlatforms) = preSolution
		Debug|Any CPU = Debug|Any CPU
		Release|Any CPU = Release|Any CPU
	EndGlobalSection
	GlobalSection(ProjectConfigurationPlatforms) = postSolution
		{040DFE16-60F2-41C8-8C23-70421C3FC82D}.Debug|Any CPU.ActiveCfg = Debug|Any CPU
		{040DFE16-60F2-41C8-8C23-70421C3FC82D}.Debug|Any CPU.Build.0 = Debug|Any CPU
		{040DFE16-60F2-41C8-8C23-70421C3FC82D}.Release|Any CPU.ActiveCfg = Release|Any CPU
		{040DFE16-60F2-41C8-8C23-70421C3FC82D}.Release|Any CPU.Build.0 = Release|Any CPU
	EndGlobalSection
	GlobalSection(SolutionProperties) = preSolution
		HideSolutionNode = FALSE
	EndGlobalSection
	GlobalSection(ExtensibilityGlobals) = postSolution
		SolutionGuid = {A751A542-8814-4FA3-BAEF-48D68D142FFB}
	EndGlobalSection
EndGlobal
